
Microsoft Visual Studio Solution File, Format Version 12.00
# Visual Studio 14
VisualStudioVersion = 14.0.25420.1
MinimumVisualStudioVersion = 10.0.40219.1
Project("{FAE04EC0-301F-11D3-BF4B-00C04F79EFBC}") = "WoolWorthEShop.Web", "WoolWorthEShop.Web\WoolWorthEShop.Web.csproj", "{EFB09DFB-52C1-4490-A3C0-058B80BBA1DE}"
EndProject
Project("{FAE04EC0-301F-11D3-BF4B-00C04F79EFBC}") = "WoolWorthEShop.Entities", "WoolWorthEShop.Entities\WoolWorthEShop.Entities.csproj", "{A0B6EF41-2A50-46B9-BA05-5B3601F6023D}"
EndProject
Project("{FAE04EC0-301F-11D3-BF4B-00C04F79EFBC}") = "WoolWorthEShop.DB", "WoolWorthEShop.DB\WoolWorthEShop.DB.csproj", "{99CCF43A-121E-4309-8F15-0C082C600887}"
EndProject
Project("{FAE04EC0-301F-11D3-BF4B-00C04F79EFBC}") = "WoolWorthEShop.Services", "WoolWorthEShop.Services\WoolWorthEShop.Services.csproj", "{74D4FEDB-7498-4E4E-8639-C002CC4764B4}"
EndProject
Global
	GlobalSection(SolutionConfigurationPlatforms) = preSolution
		Debug|Any CPU = Debug|Any CPU
		Release|Any CPU = Release|Any CPU
	EndGlobalSection
	GlobalSection(ProjectConfigurationPlatforms) = postSolution
		{EFB09DFB-52C1-4490-A3C0-058B80BBA1DE}.Debug|Any CPU.ActiveCfg = Debug|Any CPU
		{EFB09DFB-52C1-4490-A3C0-058B80BBA1DE}.Debug|Any CPU.Build.0 = Debug|Any CPU
		{EFB09DFB-52C1-4490-A3C0-058B80BBA1DE}.Release|Any CPU.ActiveCfg = Release|Any CPU
		{EFB09DFB-52C1-4490-A3C0-058B80BBA1DE}.Release|Any CPU.Build.0 = Release|Any CPU
		{A0B6EF41-2A50-46B9-BA05-5B3601F6023D}.Debug|Any CPU.ActiveCfg = Debug|Any CPU
		{A0B6EF41-2A50-46B9-BA05-5B3601F6023D}.Debug|Any CPU.Build.0 = Debug|Any CPU
		{A0B6EF41-2A50-46B9-BA05-5B3601F6023D}.Release|Any CPU.ActiveCfg = Release|Any CPU
		{A0B6EF41-2A50-46B9-BA05-5B3601F6023D}.Release|Any CPU.Build.0 = Release|Any CPU
		{99CCF43A-121E-4309-8F15-0C082C600887}.Debug|Any CPU.ActiveCfg = Debug|Any CPU
		{99CCF43A-121E-4309-8F15-0C082C600887}.Debug|Any CPU.Build.0 = Debug|Any CPU
		{99CCF43A-121E-4309-8F15-0C082C600887}.Release|Any CPU.ActiveCfg = Release|Any CPU
		{99CCF43A-121E-4309-8F15-0C082C600887}.Release|Any CPU.Build.0 = Release|Any CPU
		{74D4FEDB-7498-4E4E-8639-C002CC4764B4}.Debug|Any CPU.ActiveCfg = Debug|Any CPU
		{74D4FEDB-7498-4E4E-8639-C002CC4764B4}.Debug|Any CPU.Build.0 = Debug|Any CPU
		{74D4FEDB-7498-4E4E-8639-C002CC4764B4}.Release|Any CPU.ActiveCfg = Release|Any CPU
		{74D4FEDB-7498-4E4E-8639-C002CC4764B4}.Release|Any CPU.Build.0 = Release|Any CPU
	EndGlobalSection
	GlobalSection(SolutionProperties) = preSolution
		HideSolutionNode = FALSE
	EndGlobalSection
EndGlobal
